
Microsoft Visual Studio Solution File, Format Version 12.00
# Visual Studio 15
VisualStudioVersion = 15.0.28307.136
MinimumVisualStudioVersion = 10.0.40219.1
Project("{FAE04EC0-301F-11D3-BF4B-00C04F79EFBC}") = "Ejercicios", "Ejercicios\Ejercicios.csproj", "{1AD98D3D-A739-41E3-ACA5-008BD92D1B7F}"
EndProject
Project("{FAE04EC0-301F-11D3-BF4B-00C04F79EFBC}") = "BitArray", "HashTable\BitArray.csproj", "{FBD27AC4-4D02-4221-889F-F0AD32D02083}"
EndProject
Project("{FAE04EC0-301F-11D3-BF4B-00C04F79EFBC}") = "HashhTable", "HashhTable\HashhTable.csproj", "{3EB6779B-3123-4E92-92A7-A19D863446E5}"
EndProject
Project("{FAE04EC0-301F-11D3-BF4B-00C04F79EFBC}") = "QueueEj", "QueueEj\QueueEj.csproj", "{DD11A0E0-E370-4B50-A9BA-815B60732725}"
EndProject
Project("{FAE04EC0-301F-11D3-BF4B-00C04F79EFBC}") = "SortedListEj", "SortedListEj\SortedListEj.csproj", "{F465B711-CB02-4246-8B2F-3D847E88A6F5}"
EndProject
Project("{FAE04EC0-301F-11D3-BF4B-00C04F79EFBC}") = "StackEj", "StackEj\StackEj.csproj", "{6648EE87-7D85-452A-8001-9D539CDDBC3A}"
EndProject
Project("{FAE04EC0-301F-11D3-BF4B-00C04F79EFBC}") = "GenericListEj", "GenericListEj\GenericListEj.csproj", "{AEBC746E-5504-41F6-B0F5-8C361DB30DB1}"
EndProject
Project("{FAE04EC0-301F-11D3-BF4B-00C04F79EFBC}") = "StackQueueEj", "StackQueueEj\StackQueueEj.csproj", "{2A946673-0221-40A9-BF8B-A16157D021DF}"
EndProject
Project("{FAE04EC0-301F-11D3-BF4B-00C04F79EFBC}") = "SortSetGen", "SortSetGen\SortSetGen.csproj", "{E8A6022D-6C16-4493-92F9-2425E490098E}"
EndProject
Project("{FAE04EC0-301F-11D3-BF4B-00C04F79EFBC}") = "SortSetGenTwo", "SortSetGenTwo\SortSetGenTwo.csproj", "{496A3DAA-FB7C-463F-81BF-BA04F8FDF583}"
EndProject
Project("{FAE04EC0-301F-11D3-BF4B-00C04F79EFBC}") = "VarNullable", "VarNullable\VarNullable.csproj", "{58023A45-A7C1-4968-B181-105A0DB733DC}"
EndProject
Project("{FAE04EC0-301F-11D3-BF4B-00C04F79EFBC}") = "DynamicEj", "DynamicEj\DynamicEj.csproj", "{19B16F4F-37F7-419F-BDE9-9451E4515153}"
EndProject
Project("{FAE04EC0-301F-11D3-BF4B-00C04F79EFBC}") = "MetodosGenericos", "MetodosGenericos\MetodosGenericos.csproj", "{31C189F3-8F65-4713-AA8A-665E751515DC}"
EndProject
Project("{FAE04EC0-301F-11D3-BF4B-00C04F79EFBC}") = "ClaseGenerica", "ClaseGenerica\ClaseGenerica.csproj", "{5644241C-A01D-4FA6-A01D-25E40C7D4BE6}"
EndProject
Project("{FAE04EC0-301F-11D3-BF4B-00C04F79EFBC}") = "ClaseGenericaDos", "ClaseGenericaDos\ClaseGenericaDos.csproj", "{76672432-AF36-40D2-B0EE-25F3261312FC}"
EndProject
Project("{FAE04EC0-301F-11D3-BF4B-00C04F79EFBC}") = "DelegadoGenerico", "DelegadoGenerico\DelegadoGenerico.csproj", "{BD34D509-E2BF-4A33-8123-7B680C1F408C}"
EndProject
Project("{FAE04EC0-301F-11D3-BF4B-00C04F79EFBC}") = "AccionDelegado", "AccionDelegado\AccionDelegado.csproj", "{84DF523C-1679-4888-8ABE-967AA3EA5C67}"
EndProject
Project("{FAE04EC0-301F-11D3-BF4B-00C04F79EFBC}") = "MetodosAnonimos", "MetodosAnonimos\MetodosAnonimos.csproj", "{D5DBB0AF-A2C3-4F54-A9E7-1F33DC2C432A}"
EndProject
Project("{FAE04EC0-301F-11D3-BF4B-00C04F79EFBC}") = "MetodosAnonimosDos", "MetodosAnonimosDos\MetodosAnonimosDos.csproj", "{B9834CC9-DC02-4DE8-860D-A346400E9CDF}"
EndProject
Project("{FAE04EC0-301F-11D3-BF4B-00C04F79EFBC}") = "Predicado", "Predicado\Predicado.csproj", "{FE03E0CD-77A1-4063-855A-E24795ED3F94}"
EndProject
Project("{FAE04EC0-301F-11D3-BF4B-00C04F79EFBC}") = "Lambda", "Lambda\Lambda.csproj", "{506837FE-94AE-4312-A83A-0DC42414ED82}"
EndProject
Project("{FAE04EC0-301F-11D3-BF4B-00C04F79EFBC}") = "LambdaTwo", "LambdaTwo\LambdaTwo.csproj", "{1496B4BD-840E-4028-A667-9E09909AB49D}"
EndProject
Project("{FAE04EC0-301F-11D3-BF4B-00C04F79EFBC}") = "ConversionExplicita", "ConversionExplicita\ConversionExplicita.csproj", "{901FF728-381E-4CE0-9308-09CD0022A37F}"
EndProject
Project("{FAE04EC0-301F-11D3-BF4B-00C04F79EFBC}") = "ConversionImplicita", "ConversionImplicita\ConversionImplicita.csproj", "{86F9FB8A-A540-4B7B-8166-97A5E60267D5}"
EndProject
Project("{FAE04EC0-301F-11D3-BF4B-00C04F79EFBC}") = "TipoAnonimos", "TipoAnonimos\TipoAnonimos.csproj", "{818EE3FC-69E5-48CB-84D0-4FEB5233E9BB}"
EndProject
Project("{FAE04EC0-301F-11D3-BF4B-00C04F79EFBC}") = "ExtensionMetodos", "ExtensionMetodos\ExtensionMetodos.csproj", "{CF160CE8-6619-4823-BFCC-4986A3473999}"
EndProject
Project("{FAE04EC0-301F-11D3-BF4B-00C04F79EFBC}") = "Apuntadores", "Apuntadores\Apuntadores.csproj", "{8E7740FD-A622-4629-A493-FA22BE9F3B95}"
EndProject
Project("{FAE04EC0-301F-11D3-BF4B-00C04F79EFBC}") = "Interfaces", "Interfaces\Interfaces.csproj", "{33B96941-5159-4B99-8C04-BAB4B15263C2}"
EndProject
Project("{FAE04EC0-301F-11D3-BF4B-00C04F79EFBC}") = "InterfacesDos", "InterfacesDos\InterfacesDos.csproj", "{BE6F0495-1FF5-4437-82C9-CA3CD6ADD08A}"
EndProject
Project("{FAE04EC0-301F-11D3-BF4B-00C04F79EFBC}") = "InterfaceTres", "InterfaceTres\InterfaceTres.csproj", "{D7F9B92C-8B6C-4968-9D60-F1178A71F2D4}"
EndProject
Project("{FAE04EC0-301F-11D3-BF4B-00C04F79EFBC}") = "InterfaceCuatro", "InterfaceCuatro\InterfaceCuatro.csproj", "{5401771B-FCA7-4C23-B3FB-04FE80D0C4D0}"
EndProject
Project("{FAE04EC0-301F-11D3-BF4B-00C04F79EFBC}") = "Excepciones01", "Excepciones01\Excepciones01.csproj", "{C35A2F26-068F-4A6D-8AD7-81AE1A3DA1BD}"
EndProject
Project("{FAE04EC0-301F-11D3-BF4B-00C04F79EFBC}") = "Excepciones02", "Excepciones02\Excepciones02.csproj", "{F99F0A63-3E63-43FE-B327-2C9630A36D30}"
EndProject
Project("{FAE04EC0-301F-11D3-BF4B-00C04F79EFBC}") = "Excepciones03", "Excepciones03\Excepciones03.csproj", "{5D6C6A7D-7E1F-4414-8A52-9701E28C622F}"
EndProject
Project("{FAE04EC0-301F-11D3-BF4B-00C04F79EFBC}") = "Excepciones04", "Excepciones04\Excepciones04.csproj", "{8C356B43-A6FD-446A-A1E2-E46834EE682C}"
EndProject
Project("{FAE04EC0-301F-11D3-BF4B-00C04F79EFBC}") = "TiempoVidaObj", "TiempoVidaObj\TiempoVidaObj.csproj", "{DB7D7D6B-8EC8-4B99-AAE4-53846FFCFA6F}"
EndProject
Project("{FAE04EC0-301F-11D3-BF4B-00C04F79EFBC}") = "TiempoVidaObj02", "TiempoVidaObj02\TiempoVidaObj02.csproj", "{99D350F4-2109-4395-B190-3DE0D012115D}"
EndProject
Project("{FAE04EC0-301F-11D3-BF4B-00C04F79EFBC}") = "TiempoVidaObj2", "TiempoVidaObj2\TiempoVidaObj2.csproj", "{71CD9C7A-ADB3-4FC4-AD2E-B0834031C49F}"
EndProject
Project("{FAE04EC0-301F-11D3-BF4B-00C04F79EFBC}") = "NamespacePropio", "NamespacePropio\NamespacePropio.csproj", "{208AFD1C-F144-46BB-908C-6FE1FE892E31}"
EndProject
Project("{FAE04EC0-301F-11D3-BF4B-00C04F79EFBC}") = "NamespacePropio02", "NamespacePropio02\NamespacePropio02.csproj", "{A6F45FD5-2AB2-40D0-93F6-1AF8AB85DF29}"
EndProject
Project("{FAE04EC0-301F-11D3-BF4B-00C04F79EFBC}") = "NamespacePropio03", "NamespacePropio03\NamespacePropio03.csproj", "{B6BEC495-A403-4EEF-B774-8548537F859E}"
EndProject
Project("{FAE04EC0-301F-11D3-BF4B-00C04F79EFBC}") = "LibreriaBib", "LibreriaBib\LibreriaBib.csproj", "{67756309-E637-4984-9F20-7006471CE698}"
EndProject
Project("{FAE04EC0-301F-11D3-BF4B-00C04F79EFBC}") = "AritmeticaDos", "AritmeticaDos\AritmeticaDos.csproj", "{9F2EB5D8-9BB1-435D-B3DA-366111F6843A}"
EndProject
Project("{FAE04EC0-301F-11D3-BF4B-00C04F79EFBC}") = "Reflection", "Reflection\Reflection.csproj", "{0690B61B-5018-4850-B28A-23D88CEB2EEC}"
EndProject
Project("{FAE04EC0-301F-11D3-BF4B-00C04F79EFBC}") = "Reflection02", "Reflection02\Reflection02.csproj", "{2BD5E0E1-F54F-4F72-821B-4B7AA099F7BA}"
EndProject
Project("{FAE04EC0-301F-11D3-BF4B-00C04F79EFBC}") = "Reflection03", "Reflection03\Reflection03.csproj", "{149608AA-F0DA-46F9-BD92-8F0E9B7F6C5C}"
EndProject
Project("{FAE04EC0-301F-11D3-BF4B-00C04F79EFBC}") = "Atributo01", "Atributo01\Atributo01.csproj", "{9CC22D44-5679-4F4A-B54D-B63F3F131740}"
EndProject
Project("{FAE04EC0-301F-11D3-BF4B-00C04F79EFBC}") = "AritmeticaAtrib", "AritmeticaAtrib\AritmeticaAtrib.csproj", "{759B365D-5CD6-4682-B095-C54C90DB8CC0}"
EndProject
Project("{FAE04EC0-301F-11D3-BF4B-00C04F79EFBC}") = "Atributos02", "Atributos02\Atributos02.csproj", "{0AAAE384-AD8C-4E71-9434-65C6184A2E14}"
EndProject
Project("{FAE04EC0-301F-11D3-BF4B-00C04F79EFBC}") = "Atributos03", "Atributos03\Atributos03.csproj", "{FA570EDE-586D-4D22-A791-8064F3B75FBE}"
EndProject
Project("{FAE04EC0-301F-11D3-BF4B-00C04F79EFBC}") = "AplicacionPrincipal", "AplicacionPrincipal\AplicacionPrincipal.csproj", "{C5A495B3-E74E-41B7-B588-9C937342B5A3}"
EndProject
Project("{FAE04EC0-301F-11D3-BF4B-00C04F79EFBC}") = "TiposPlugIn02", "TiposPlugIn02\TiposPlugIn02.csproj", "{57F8F5AE-F22B-41DE-A9EA-0B2ECBDCD532}"
EndProject
Project("{FAE04EC0-301F-11D3-BF4B-00C04F79EFBC}") = "PluginSuma", "PluginSuma\PluginSuma.csproj", "{F8C1E3CD-E78F-48A2-AF7E-41F3CC82CB09}"
EndProject
Project("{FAE04EC0-301F-11D3-BF4B-00C04F79EFBC}") = "PluginSumatoria", "PluginSumatoria\PluginSumatoria.csproj", "{AABE4276-DF8E-4BFB-A8AC-5AF5911EDDEB}"
EndProject
Project("{FAE04EC0-301F-11D3-BF4B-00C04F79EFBC}") = "Dynamic", "Dynamic\Dynamic.csproj", "{1012253C-34F3-4FB9-A183-C5AA640AB0C2}"
EndProject
Project("{FAE04EC0-301F-11D3-BF4B-00C04F79EFBC}") = "AppDomain", "AppDomain\AppDomain.csproj", "{D69EAE11-FB38-45CF-9832-85D5B062B8A9}"
EndProject
Project("{FAE04EC0-301F-11D3-BF4B-00C04F79EFBC}") = "AppDomain02", "AppDomain02\AppDomain02.csproj", "{DBBFFEA7-0B0B-43CA-A725-196B1DB94B7E}"
EndProject
Project("{FAE04EC0-301F-11D3-BF4B-00C04F79EFBC}") = "ConsoleApp3", "ConsoleApp3\ConsoleApp3.csproj", "{E480D653-20F5-4FBF-B7CA-8FDF944B12FF}"
EndProject
Global
	GlobalSection(SolutionConfigurationPlatforms) = preSolution
		Debug|Any CPU = Debug|Any CPU
		Release|Any CPU = Release|Any CPU
	EndGlobalSection
	GlobalSection(ProjectConfigurationPlatforms) = postSolution
		{1AD98D3D-A739-41E3-ACA5-008BD92D1B7F}.Debug|Any CPU.ActiveCfg = Debug|Any CPU
		{1AD98D3D-A739-41E3-ACA5-008BD92D1B7F}.Debug|Any CPU.Build.0 = Debug|Any CPU
		{1AD98D3D-A739-41E3-ACA5-008BD92D1B7F}.Release|Any CPU.ActiveCfg = Release|Any CPU
		{1AD98D3D-A739-41E3-ACA5-008BD92D1B7F}.Release|Any CPU.Build.0 = Release|Any CPU
		{FBD27AC4-4D02-4221-889F-F0AD32D02083}.Debug|Any CPU.ActiveCfg = Debug|Any CPU
		{FBD27AC4-4D02-4221-889F-F0AD32D02083}.Debug|Any CPU.Build.0 = Debug|Any CPU
		{FBD27AC4-4D02-4221-889F-F0AD32D02083}.Release|Any CPU.ActiveCfg = Release|Any CPU
		{FBD27AC4-4D02-4221-889F-F0AD32D02083}.Release|Any CPU.Build.0 = Release|Any CPU
		{3EB6779B-3123-4E92-92A7-A19D863446E5}.Debug|Any CPU.ActiveCfg = Debug|Any CPU
		{3EB6779B-3123-4E92-92A7-A19D863446E5}.Debug|Any CPU.Build.0 = Debug|Any CPU
		{3EB6779B-3123-4E92-92A7-A19D863446E5}.Release|Any CPU.ActiveCfg = Release|Any CPU
		{3EB6779B-3123-4E92-92A7-A19D863446E5}.Release|Any CPU.Build.0 = Release|Any CPU
		{DD11A0E0-E370-4B50-A9BA-815B60732725}.Debug|Any CPU.ActiveCfg = Debug|Any CPU
		{DD11A0E0-E370-4B50-A9BA-815B60732725}.Debug|Any CPU.Build.0 = Debug|Any CPU
		{DD11A0E0-E370-4B50-A9BA-815B60732725}.Release|Any CPU.ActiveCfg = Release|Any CPU
		{DD11A0E0-E370-4B50-A9BA-815B60732725}.Release|Any CPU.Build.0 = Release|Any CPU
		{F465B711-CB02-4246-8B2F-3D847E88A6F5}.Debug|Any CPU.ActiveCfg = Debug|Any CPU
		{F465B711-CB02-4246-8B2F-3D847E88A6F5}.Debug|Any CPU.Build.0 = Debug|Any CPU
		{F465B711-CB02-4246-8B2F-3D847E88A6F5}.Release|Any CPU.ActiveCfg = Release|Any CPU
		{F465B711-CB02-4246-8B2F-3D847E88A6F5}.Release|Any CPU.Build.0 = Release|Any CPU
		{6648EE87-7D85-452A-8001-9D539CDDBC3A}.Debug|Any CPU.ActiveCfg = Debug|Any CPU
		{6648EE87-7D85-452A-8001-9D539CDDBC3A}.Debug|Any CPU.Build.0 = Debug|Any CPU
		{6648EE87-7D85-452A-8001-9D539CDDBC3A}.Release|Any CPU.ActiveCfg = Release|Any CPU
		{6648EE87-7D85-452A-8001-9D539CDDBC3A}.Release|Any CPU.Build.0 = Release|Any CPU
		{AEBC746E-5504-41F6-B0F5-8C361DB30DB1}.Debug|Any CPU.ActiveCfg = Debug|Any CPU
		{AEBC746E-5504-41F6-B0F5-8C361DB30DB1}.Debug|Any CPU.Build.0 = Debug|Any CPU
		{AEBC746E-5504-41F6-B0F5-8C361DB30DB1}.Release|Any CPU.ActiveCfg = Release|Any CPU
		{AEBC746E-5504-41F6-B0F5-8C361DB30DB1}.Release|Any CPU.Build.0 = Release|Any CPU
		{2A946673-0221-40A9-BF8B-A16157D021DF}.Debug|Any CPU.ActiveCfg = Debug|Any CPU
		{2A946673-0221-40A9-BF8B-A16157D021DF}.Debug|Any CPU.Build.0 = Debug|Any CPU
		{2A946673-0221-40A9-BF8B-A16157D021DF}.Release|Any CPU.ActiveCfg = Release|Any CPU
		{2A946673-0221-40A9-BF8B-A16157D021DF}.Release|Any CPU.Build.0 = Release|Any CPU
		{E8A6022D-6C16-4493-92F9-2425E490098E}.Debug|Any CPU.ActiveCfg = Debug|Any CPU
		{E8A6022D-6C16-4493-92F9-2425E490098E}.Debug|Any CPU.Build.0 = Debug|Any CPU
		{E8A6022D-6C16-4493-92F9-2425E490098E}.Release|Any CPU.ActiveCfg = Release|Any CPU
		{E8A6022D-6C16-4493-92F9-2425E490098E}.Release|Any CPU.Build.0 = Release|Any CPU
		{496A3DAA-FB7C-463F-81BF-BA04F8FDF583}.Debug|Any CPU.ActiveCfg = Debug|Any CPU
		{496A3DAA-FB7C-463F-81BF-BA04F8FDF583}.Debug|Any CPU.Build.0 = Debug|Any CPU
		{496A3DAA-FB7C-463F-81BF-BA04F8FDF583}.Release|Any CPU.ActiveCfg = Release|Any CPU
		{496A3DAA-FB7C-463F-81BF-BA04F8FDF583}.Release|Any CPU.Build.0 = Release|Any CPU
		{58023A45-A7C1-4968-B181-105A0DB733DC}.Debug|Any CPU.ActiveCfg = Debug|Any CPU
		{58023A45-A7C1-4968-B181-105A0DB733DC}.Debug|Any CPU.Build.0 = Debug|Any CPU
		{58023A45-A7C1-4968-B181-105A0DB733DC}.Release|Any CPU.ActiveCfg = Release|Any CPU
		{58023A45-A7C1-4968-B181-105A0DB733DC}.Release|Any CPU.Build.0 = Release|Any CPU
		{19B16F4F-37F7-419F-BDE9-9451E4515153}.Debug|Any CPU.ActiveCfg = Debug|Any CPU
		{19B16F4F-37F7-419F-BDE9-9451E4515153}.Debug|Any CPU.Build.0 = Debug|Any CPU
		{19B16F4F-37F7-419F-BDE9-9451E4515153}.Release|Any CPU.ActiveCfg = Release|Any CPU
		{19B16F4F-37F7-419F-BDE9-9451E4515153}.Release|Any CPU.Build.0 = Release|Any CPU
		{31C189F3-8F65-4713-AA8A-665E751515DC}.Debug|Any CPU.ActiveCfg = Debug|Any CPU
		{31C189F3-8F65-4713-AA8A-665E751515DC}.Debug|Any CPU.Build.0 = Debug|Any CPU
		{31C189F3-8F65-4713-AA8A-665E751515DC}.Release|Any CPU.ActiveCfg = Release|Any CPU
		{31C189F3-8F65-4713-AA8A-665E751515DC}.Release|Any CPU.Build.0 = Release|Any CPU
		{5644241C-A01D-4FA6-A01D-25E40C7D4BE6}.Debug|Any CPU.ActiveCfg = Debug|Any CPU
		{5644241C-A01D-4FA6-A01D-25E40C7D4BE6}.Debug|Any CPU.Build.0 = Debug|Any CPU
		{5644241C-A01D-4FA6-A01D-25E40C7D4BE6}.Release|Any CPU.ActiveCfg = Release|Any CPU
		{5644241C-A01D-4FA6-A01D-25E40C7D4BE6}.Release|Any CPU.Build.0 = Release|Any CPU
		{76672432-AF36-40D2-B0EE-25F3261312FC}.Debug|Any CPU.ActiveCfg = Debug|Any CPU
		{76672432-AF36-40D2-B0EE-25F3261312FC}.Debug|Any CPU.Build.0 = Debug|Any CPU
		{76672432-AF36-40D2-B0EE-25F3261312FC}.Release|Any CPU.ActiveCfg = Release|Any CPU
		{76672432-AF36-40D2-B0EE-25F3261312FC}.Release|Any CPU.Build.0 = Release|Any CPU
		{BD34D509-E2BF-4A33-8123-7B680C1F408C}.Debug|Any CPU.ActiveCfg = Debug|Any CPU
		{BD34D509-E2BF-4A33-8123-7B680C1F408C}.Debug|Any CPU.Build.0 = Debug|Any CPU
		{BD34D509-E2BF-4A33-8123-7B680C1F408C}.Release|Any CPU.ActiveCfg = Release|Any CPU
		{BD34D509-E2BF-4A33-8123-7B680C1F408C}.Release|Any CPU.Build.0 = Release|Any CPU
		{84DF523C-1679-4888-8ABE-967AA3EA5C67}.Debug|Any CPU.ActiveCfg = Debug|Any CPU
		{84DF523C-1679-4888-8ABE-967AA3EA5C67}.Debug|Any CPU.Build.0 = Debug|Any CPU
		{84DF523C-1679-4888-8ABE-967AA3EA5C67}.Release|Any CPU.ActiveCfg = Release|Any CPU
		{84DF523C-1679-4888-8ABE-967AA3EA5C67}.Release|Any CPU.Build.0 = Release|Any CPU
		{D5DBB0AF-A2C3-4F54-A9E7-1F33DC2C432A}.Debug|Any CPU.ActiveCfg = Debug|Any CPU
		{D5DBB0AF-A2C3-4F54-A9E7-1F33DC2C432A}.Debug|Any CPU.Build.0 = Debug|Any CPU
		{D5DBB0AF-A2C3-4F54-A9E7-1F33DC2C432A}.Release|Any CPU.ActiveCfg = Release|Any CPU
		{D5DBB0AF-A2C3-4F54-A9E7-1F33DC2C432A}.Release|Any CPU.Build.0 = Release|Any CPU
		{B9834CC9-DC02-4DE8-860D-A346400E9CDF}.Debug|Any CPU.ActiveCfg = Debug|Any CPU
		{B9834CC9-DC02-4DE8-860D-A346400E9CDF}.Debug|Any CPU.Build.0 = Debug|Any CPU
		{B9834CC9-DC02-4DE8-860D-A346400E9CDF}.Release|Any CPU.ActiveCfg = Release|Any CPU
		{B9834CC9-DC02-4DE8-860D-A346400E9CDF}.Release|Any CPU.Build.0 = Release|Any CPU
		{FE03E0CD-77A1-4063-855A-E24795ED3F94}.Debug|Any CPU.ActiveCfg = Debug|Any CPU
		{FE03E0CD-77A1-4063-855A-E24795ED3F94}.Debug|Any CPU.Build.0 = Debug|Any CPU
		{FE03E0CD-77A1-4063-855A-E24795ED3F94}.Release|Any CPU.ActiveCfg = Release|Any CPU
		{FE03E0CD-77A1-4063-855A-E24795ED3F94}.Release|Any CPU.Build.0 = Release|Any CPU
		{506837FE-94AE-4312-A83A-0DC42414ED82}.Debug|Any CPU.ActiveCfg = Debug|Any CPU
		{506837FE-94AE-4312-A83A-0DC42414ED82}.Debug|Any CPU.Build.0 = Debug|Any CPU
		{506837FE-94AE-4312-A83A-0DC42414ED82}.Release|Any CPU.ActiveCfg = Release|Any CPU
		{506837FE-94AE-4312-A83A-0DC42414ED82}.Release|Any CPU.Build.0 = Release|Any CPU
		{1496B4BD-840E-4028-A667-9E09909AB49D}.Debug|Any CPU.ActiveCfg = Debug|Any CPU
		{1496B4BD-840E-4028-A667-9E09909AB49D}.Debug|Any CPU.Build.0 = Debug|Any CPU
		{1496B4BD-840E-4028-A667-9E09909AB49D}.Release|Any CPU.ActiveCfg = Release|Any CPU
		{1496B4BD-840E-4028-A667-9E09909AB49D}.Release|Any CPU.Build.0 = Release|Any CPU
		{901FF728-381E-4CE0-9308-09CD0022A37F}.Debug|Any CPU.ActiveCfg = Debug|Any CPU
		{901FF728-381E-4CE0-9308-09CD0022A37F}.Debug|Any CPU.Build.0 = Debug|Any CPU
		{901FF728-381E-4CE0-9308-09CD0022A37F}.Release|Any CPU.ActiveCfg = Release|Any CPU
		{901FF728-381E-4CE0-9308-09CD0022A37F}.Release|Any CPU.Build.0 = Release|Any CPU
		{86F9FB8A-A540-4B7B-8166-97A5E60267D5}.Debug|Any CPU.ActiveCfg = Debug|Any CPU
		{86F9FB8A-A540-4B7B-8166-97A5E60267D5}.Debug|Any CPU.Build.0 = Debug|Any CPU
		{86F9FB8A-A540-4B7B-8166-97A5E60267D5}.Release|Any CPU.ActiveCfg = Release|Any CPU
		{86F9FB8A-A540-4B7B-8166-97A5E60267D5}.Release|Any CPU.Build.0 = Release|Any CPU
		{818EE3FC-69E5-48CB-84D0-4FEB5233E9BB}.Debug|Any CPU.ActiveCfg = Debug|Any CPU
		{818EE3FC-69E5-48CB-84D0-4FEB5233E9BB}.Debug|Any CPU.Build.0 = Debug|Any CPU
		{818EE3FC-69E5-48CB-84D0-4FEB5233E9BB}.Release|Any CPU.ActiveCfg = Release|Any CPU
		{818EE3FC-69E5-48CB-84D0-4FEB5233E9BB}.Release|Any CPU.Build.0 = Release|Any CPU
		{CF160CE8-6619-4823-BFCC-4986A3473999}.Debug|Any CPU.ActiveCfg = Debug|Any CPU
		{CF160CE8-6619-4823-BFCC-4986A3473999}.Debug|Any CPU.Build.0 = Debug|Any CPU
		{CF160CE8-6619-4823-BFCC-4986A3473999}.Release|Any CPU.ActiveCfg = Release|Any CPU
		{CF160CE8-6619-4823-BFCC-4986A3473999}.Release|Any CPU.Build.0 = Release|Any CPU
		{8E7740FD-A622-4629-A493-FA22BE9F3B95}.Debug|Any CPU.ActiveCfg = Debug|Any CPU
		{8E7740FD-A622-4629-A493-FA22BE9F3B95}.Debug|Any CPU.Build.0 = Debug|Any CPU
		{8E7740FD-A622-4629-A493-FA22BE9F3B95}.Release|Any CPU.ActiveCfg = Release|Any CPU
		{8E7740FD-A622-4629-A493-FA22BE9F3B95}.Release|Any CPU.Build.0 = Release|Any CPU
		{33B96941-5159-4B99-8C04-BAB4B15263C2}.Debug|Any CPU.ActiveCfg = Debug|Any CPU
		{33B96941-5159-4B99-8C04-BAB4B15263C2}.Debug|Any CPU.Build.0 = Debug|Any CPU
		{33B96941-5159-4B99-8C04-BAB4B15263C2}.Release|Any CPU.ActiveCfg = Release|Any CPU
		{33B96941-5159-4B99-8C04-BAB4B15263C2}.Release|Any CPU.Build.0 = Release|Any CPU
		{BE6F0495-1FF5-4437-82C9-CA3CD6ADD08A}.Debug|Any CPU.ActiveCfg = Debug|Any CPU
		{BE6F0495-1FF5-4437-82C9-CA3CD6ADD08A}.Debug|Any CPU.Build.0 = Debug|Any CPU
		{BE6F0495-1FF5-4437-82C9-CA3CD6ADD08A}.Release|Any CPU.ActiveCfg = Release|Any CPU
		{BE6F0495-1FF5-4437-82C9-CA3CD6ADD08A}.Release|Any CPU.Build.0 = Release|Any CPU
		{D7F9B92C-8B6C-4968-9D60-F1178A71F2D4}.Debug|Any CPU.ActiveCfg = Debug|Any CPU
		{D7F9B92C-8B6C-4968-9D60-F1178A71F2D4}.Debug|Any CPU.Build.0 = Debug|Any CPU
		{D7F9B92C-8B6C-4968-9D60-F1178A71F2D4}.Release|Any CPU.ActiveCfg = Release|Any CPU
		{D7F9B92C-8B6C-4968-9D60-F1178A71F2D4}.Release|Any CPU.Build.0 = Release|Any CPU
		{5401771B-FCA7-4C23-B3FB-04FE80D0C4D0}.Debug|Any CPU.ActiveCfg = Debug|Any CPU
		{5401771B-FCA7-4C23-B3FB-04FE80D0C4D0}.Debug|Any CPU.Build.0 = Debug|Any CPU
		{5401771B-FCA7-4C23-B3FB-04FE80D0C4D0}.Release|Any CPU.ActiveCfg = Release|Any CPU
		{5401771B-FCA7-4C23-B3FB-04FE80D0C4D0}.Release|Any CPU.Build.0 = Release|Any CPU
		{C35A2F26-068F-4A6D-8AD7-81AE1A3DA1BD}.Debug|Any CPU.ActiveCfg = Debug|Any CPU
		{C35A2F26-068F-4A6D-8AD7-81AE1A3DA1BD}.Debug|Any CPU.Build.0 = Debug|Any CPU
		{C35A2F26-068F-4A6D-8AD7-81AE1A3DA1BD}.Release|Any CPU.ActiveCfg = Release|Any CPU
		{C35A2F26-068F-4A6D-8AD7-81AE1A3DA1BD}.Release|Any CPU.Build.0 = Release|Any CPU
		{F99F0A63-3E63-43FE-B327-2C9630A36D30}.Debug|Any CPU.ActiveCfg = Debug|Any CPU
		{F99F0A63-3E63-43FE-B327-2C9630A36D30}.Debug|Any CPU.Build.0 = Debug|Any CPU
		{F99F0A63-3E63-43FE-B327-2C9630A36D30}.Release|Any CPU.ActiveCfg = Release|Any CPU
		{F99F0A63-3E63-43FE-B327-2C9630A36D30}.Release|Any CPU.Build.0 = Release|Any CPU
		{5D6C6A7D-7E1F-4414-8A52-9701E28C622F}.Debug|Any CPU.ActiveCfg = Debug|Any CPU
		{5D6C6A7D-7E1F-4414-8A52-9701E28C622F}.Debug|Any CPU.Build.0 = Debug|Any CPU
		{5D6C6A7D-7E1F-4414-8A52-9701E28C622F}.Release|Any CPU.ActiveCfg = Release|Any CPU
		{5D6C6A7D-7E1F-4414-8A52-9701E28C622F}.Release|Any CPU.Build.0 = Release|Any CPU
		{8C356B43-A6FD-446A-A1E2-E46834EE682C}.Debug|Any CPU.ActiveCfg = Debug|Any CPU
		{8C356B43-A6FD-446A-A1E2-E46834EE682C}.Debug|Any CPU.Build.0 = Debug|Any CPU
		{8C356B43-A6FD-446A-A1E2-E46834EE682C}.Release|Any CPU.ActiveCfg = Release|Any CPU
		{8C356B43-A6FD-446A-A1E2-E46834EE682C}.Release|Any CPU.Build.0 = Release|Any CPU
		{DB7D7D6B-8EC8-4B99-AAE4-53846FFCFA6F}.Debug|Any CPU.ActiveCfg = Debug|Any CPU
		{DB7D7D6B-8EC8-4B99-AAE4-53846FFCFA6F}.Debug|Any CPU.Build.0 = Debug|Any CPU
		{DB7D7D6B-8EC8-4B99-AAE4-53846FFCFA6F}.Release|Any CPU.ActiveCfg = Release|Any CPU
		{DB7D7D6B-8EC8-4B99-AAE4-53846FFCFA6F}.Release|Any CPU.Build.0 = Release|Any CPU
		{99D350F4-2109-4395-B190-3DE0D012115D}.Debug|Any CPU.ActiveCfg = Debug|Any CPU
		{99D350F4-2109-4395-B190-3DE0D012115D}.Debug|Any CPU.Build.0 = Debug|Any CPU
		{99D350F4-2109-4395-B190-3DE0D012115D}.Release|Any CPU.ActiveCfg = Release|Any CPU
		{99D350F4-2109-4395-B190-3DE0D012115D}.Release|Any CPU.Build.0 = Release|Any CPU
		{71CD9C7A-ADB3-4FC4-AD2E-B0834031C49F}.Debug|Any CPU.ActiveCfg = Debug|Any CPU
		{71CD9C7A-ADB3-4FC4-AD2E-B0834031C49F}.Debug|Any CPU.Build.0 = Debug|Any CPU
		{71CD9C7A-ADB3-4FC4-AD2E-B0834031C49F}.Release|Any CPU.ActiveCfg = Release|Any CPU
		{71CD9C7A-ADB3-4FC4-AD2E-B0834031C49F}.Release|Any CPU.Build.0 = Release|Any CPU
		{208AFD1C-F144-46BB-908C-6FE1FE892E31}.Debug|Any CPU.ActiveCfg = Debug|Any CPU
		{208AFD1C-F144-46BB-908C-6FE1FE892E31}.Debug|Any CPU.Build.0 = Debug|Any CPU
		{208AFD1C-F144-46BB-908C-6FE1FE892E31}.Release|Any CPU.ActiveCfg = Release|Any CPU
		{208AFD1C-F144-46BB-908C-6FE1FE892E31}.Release|Any CPU.Build.0 = Release|Any CPU
		{A6F45FD5-2AB2-40D0-93F6-1AF8AB85DF29}.Debug|Any CPU.ActiveCfg = Debug|Any CPU
		{A6F45FD5-2AB2-40D0-93F6-1AF8AB85DF29}.Debug|Any CPU.Build.0 = Debug|Any CPU
		{A6F45FD5-2AB2-40D0-93F6-1AF8AB85DF29}.Release|Any CPU.ActiveCfg = Release|Any CPU
		{A6F45FD5-2AB2-40D0-93F6-1AF8AB85DF29}.Release|Any CPU.Build.0 = Release|Any CPU
		{B6BEC495-A403-4EEF-B774-8548537F859E}.Debug|Any CPU.ActiveCfg = Debug|Any CPU
		{B6BEC495-A403-4EEF-B774-8548537F859E}.Debug|Any CPU.Build.0 = Debug|Any CPU
		{B6BEC495-A403-4EEF-B774-8548537F859E}.Release|Any CPU.ActiveCfg = Release|Any CPU
		{B6BEC495-A403-4EEF-B774-8548537F859E}.Release|Any CPU.Build.0 = Release|Any CPU
		{67756309-E637-4984-9F20-7006471CE698}.Debug|Any CPU.ActiveCfg = Debug|Any CPU
		{67756309-E637-4984-9F20-7006471CE698}.Debug|Any CPU.Build.0 = Debug|Any CPU
		{67756309-E637-4984-9F20-7006471CE698}.Release|Any CPU.ActiveCfg = Release|Any CPU
		{67756309-E637-4984-9F20-7006471CE698}.Release|Any CPU.Build.0 = Release|Any CPU
		{9F2EB5D8-9BB1-435D-B3DA-366111F6843A}.Debug|Any CPU.ActiveCfg = Debug|Any CPU
		{9F2EB5D8-9BB1-435D-B3DA-366111F6843A}.Debug|Any CPU.Build.0 = Debug|Any CPU
		{9F2EB5D8-9BB1-435D-B3DA-366111F6843A}.Release|Any CPU.ActiveCfg = Release|Any CPU
		{9F2EB5D8-9BB1-435D-B3DA-366111F6843A}.Release|Any CPU.Build.0 = Release|Any CPU
		{0690B61B-5018-4850-B28A-23D88CEB2EEC}.Debug|Any CPU.ActiveCfg = Debug|Any CPU
		{0690B61B-5018-4850-B28A-23D88CEB2EEC}.Debug|Any CPU.Build.0 = Debug|Any CPU
		{0690B61B-5018-4850-B28A-23D88CEB2EEC}.Release|Any CPU.ActiveCfg = Release|Any CPU
		{0690B61B-5018-4850-B28A-23D88CEB2EEC}.Release|Any CPU.Build.0 = Release|Any CPU
		{2BD5E0E1-F54F-4F72-821B-4B7AA099F7BA}.Debug|Any CPU.ActiveCfg = Debug|Any CPU
		{2BD5E0E1-F54F-4F72-821B-4B7AA099F7BA}.Debug|Any CPU.Build.0 = Debug|Any CPU
		{2BD5E0E1-F54F-4F72-821B-4B7AA099F7BA}.Release|Any CPU.ActiveCfg = Release|Any CPU
		{2BD5E0E1-F54F-4F72-821B-4B7AA099F7BA}.Release|Any CPU.Build.0 = Release|Any CPU
		{149608AA-F0DA-46F9-BD92-8F0E9B7F6C5C}.Debug|Any CPU.ActiveCfg = Debug|Any CPU
		{149608AA-F0DA-46F9-BD92-8F0E9B7F6C5C}.Debug|Any CPU.Build.0 = Debug|Any CPU
		{149608AA-F0DA-46F9-BD92-8F0E9B7F6C5C}.Release|Any CPU.ActiveCfg = Release|Any CPU
		{149608AA-F0DA-46F9-BD92-8F0E9B7F6C5C}.Release|Any CPU.Build.0 = Release|Any CPU
		{9CC22D44-5679-4F4A-B54D-B63F3F131740}.Debug|Any CPU.ActiveCfg = Debug|Any CPU
		{9CC22D44-5679-4F4A-B54D-B63F3F131740}.Debug|Any CPU.Build.0 = Debug|Any CPU
		{9CC22D44-5679-4F4A-B54D-B63F3F131740}.Release|Any CPU.ActiveCfg = Release|Any CPU
		{9CC22D44-5679-4F4A-B54D-B63F3F131740}.Release|Any CPU.Build.0 = Release|Any CPU
		{759B365D-5CD6-4682-B095-C54C90DB8CC0}.Debug|Any CPU.ActiveCfg = Debug|Any CPU
		{759B365D-5CD6-4682-B095-C54C90DB8CC0}.Debug|Any CPU.Build.0 = Debug|Any CPU
		{759B365D-5CD6-4682-B095-C54C90DB8CC0}.Release|Any CPU.ActiveCfg = Release|Any CPU
		{759B365D-5CD6-4682-B095-C54C90DB8CC0}.Release|Any CPU.Build.0 = Release|Any CPU
		{0AAAE384-AD8C-4E71-9434-65C6184A2E14}.Debug|Any CPU.ActiveCfg = Debug|Any CPU
		{0AAAE384-AD8C-4E71-9434-65C6184A2E14}.Debug|Any CPU.Build.0 = Debug|Any CPU
		{0AAAE384-AD8C-4E71-9434-65C6184A2E14}.Release|Any CPU.ActiveCfg = Release|Any CPU
		{0AAAE384-AD8C-4E71-9434-65C6184A2E14}.Release|Any CPU.Build.0 = Release|Any CPU
		{FA570EDE-586D-4D22-A791-8064F3B75FBE}.Debug|Any CPU.ActiveCfg = Debug|Any CPU
		{FA570EDE-586D-4D22-A791-8064F3B75FBE}.Debug|Any CPU.Build.0 = Debug|Any CPU
		{FA570EDE-586D-4D22-A791-8064F3B75FBE}.Release|Any CPU.ActiveCfg = Release|Any CPU
		{FA570EDE-586D-4D22-A791-8064F3B75FBE}.Release|Any CPU.Build.0 = Release|Any CPU
		{C5A495B3-E74E-41B7-B588-9C937342B5A3}.Debug|Any CPU.ActiveCfg = Debug|Any CPU
		{C5A495B3-E74E-41B7-B588-9C937342B5A3}.Debug|Any CPU.Build.0 = Debug|Any CPU
		{C5A495B3-E74E-41B7-B588-9C937342B5A3}.Release|Any CPU.ActiveCfg = Release|Any CPU
		{C5A495B3-E74E-41B7-B588-9C937342B5A3}.Release|Any CPU.Build.0 = Release|Any CPU
		{57F8F5AE-F22B-41DE-A9EA-0B2ECBDCD532}.Debug|Any CPU.ActiveCfg = Debug|Any CPU
		{57F8F5AE-F22B-41DE-A9EA-0B2ECBDCD532}.Debug|Any CPU.Build.0 = Debug|Any CPU
		{57F8F5AE-F22B-41DE-A9EA-0B2ECBDCD532}.Release|Any CPU.ActiveCfg = Release|Any CPU
		{57F8F5AE-F22B-41DE-A9EA-0B2ECBDCD532}.Release|Any CPU.Build.0 = Release|Any CPU
		{F8C1E3CD-E78F-48A2-AF7E-41F3CC82CB09}.Debug|Any CPU.ActiveCfg = Debug|Any CPU
		{F8C1E3CD-E78F-48A2-AF7E-41F3CC82CB09}.Debug|Any CPU.Build.0 = Debug|Any CPU
		{F8C1E3CD-E78F-48A2-AF7E-41F3CC82CB09}.Release|Any CPU.ActiveCfg = Release|Any CPU
		{F8C1E3CD-E78F-48A2-AF7E-41F3CC82CB09}.Release|Any CPU.Build.0 = Release|Any CPU
		{AABE4276-DF8E-4BFB-A8AC-5AF5911EDDEB}.Debug|Any CPU.ActiveCfg = Debug|Any CPU
		{AABE4276-DF8E-4BFB-A8AC-5AF5911EDDEB}.Debug|Any CPU.Build.0 = Debug|Any CPU
		{AABE4276-DF8E-4BFB-A8AC-5AF5911EDDEB}.Release|Any CPU.ActiveCfg = Release|Any CPU
		{AABE4276-DF8E-4BFB-A8AC-5AF5911EDDEB}.Release|Any CPU.Build.0 = Release|Any CPU
		{1012253C-34F3-4FB9-A183-C5AA640AB0C2}.Debug|Any CPU.ActiveCfg = Debug|Any CPU
		{1012253C-34F3-4FB9-A183-C5AA640AB0C2}.Debug|Any CPU.Build.0 = Debug|Any CPU
		{1012253C-34F3-4FB9-A183-C5AA640AB0C2}.Release|Any CPU.ActiveCfg = Release|Any CPU
		{1012253C-34F3-4FB9-A183-C5AA640AB0C2}.Release|Any CPU.Build.0 = Release|Any CPU
		{D69EAE11-FB38-45CF-9832-85D5B062B8A9}.Debug|Any CPU.ActiveCfg = Debug|Any CPU
		{D69EAE11-FB38-45CF-9832-85D5B062B8A9}.Debug|Any CPU.Build.0 = Debug|Any CPU
		{D69EAE11-FB38-45CF-9832-85D5B062B8A9}.Release|Any CPU.ActiveCfg = Release|Any CPU
		{D69EAE11-FB38-45CF-9832-85D5B062B8A9}.Release|Any CPU.Build.0 = Release|Any CPU
		{DBBFFEA7-0B0B-43CA-A725-196B1DB94B7E}.Debug|Any CPU.ActiveCfg = Debug|Any CPU
		{DBBFFEA7-0B0B-43CA-A725-196B1DB94B7E}.Debug|Any CPU.Build.0 = Debug|Any CPU
		{DBBFFEA7-0B0B-43CA-A725-196B1DB94B7E}.Release|Any CPU.ActiveCfg = Release|Any CPU
		{DBBFFEA7-0B0B-43CA-A725-196B1DB94B7E}.Release|Any CPU.Build.0 = Release|Any CPU
		{E480D653-20F5-4FBF-B7CA-8FDF944B12FF}.Debug|Any CPU.ActiveCfg = Debug|Any CPU
		{E480D653-20F5-4FBF-B7CA-8FDF944B12FF}.Debug|Any CPU.Build.0 = Debug|Any CPU
		{E480D653-20F5-4FBF-B7CA-8FDF944B12FF}.Release|Any CPU.ActiveCfg = Release|Any CPU
		{E480D653-20F5-4FBF-B7CA-8FDF944B12FF}.Release|Any CPU.Build.0 = Release|Any CPU
	EndGlobalSection
	GlobalSection(SolutionProperties) = preSolution
		HideSolutionNode = FALSE
	EndGlobalSection
	GlobalSection(ExtensibilityGlobals) = postSolution
		SolutionGuid = {DAB83D69-941F-42D2-8C15-778EB3EA0E38}
	EndGlobalSection
EndGlobal
